
Microsoft Visual Studio Solution File, Format Version 12.00
# Visual Studio Version 17
VisualStudioVersion = 17.0.32112.339
MinimumVisualStudioVersion = 10.0.40219.1
Project("{FAE04EC0-301F-11D3-BF4B-00C04F79EFBC}") = "laba10", "laba10.csproj", "{54579A86-80DF-4583-BD1D-EFB25C5FD182}"
EndProject
Global
	GlobalSection(SolutionConfigurationPlatforms) = preSolution
		Debug|Any CPU = Debug|Any CPU
		Release|Any CPU = Release|Any CPU
	EndGlobalSection
	GlobalSection(ProjectConfigurationPlatforms) = postSolution
		{54579A86-80DF-4583-BD1D-EFB25C5FD182}.Debug|Any CPU.ActiveCfg = Debug|Any CPU
		{54579A86-80DF-4583-BD1D-EFB25C5FD182}.Debug|Any CPU.Build.0 = Debug|Any CPU
		{54579A86-80DF-4583-BD1D-EFB25C5FD182}.Release|Any CPU.ActiveCfg = Release|Any CPU
		{54579A86-80DF-4583-BD1D-EFB25C5FD182}.Release|Any CPU.Build.0 = Release|Any CPU
	EndGlobalSection
	GlobalSection(SolutionProperties) = preSolution
		HideSolutionNode = FALSE
	EndGlobalSection
	GlobalSection(ExtensibilityGlobals) = postSolution
		SolutionGuid = {B91C45EB-140A-458C-B16F-2C80BCE9EBD6}
	EndGlobalSection
EndGlobal
